// !$*UTF8*$!
{
	archiveVersion = 1;
	classes = {
	};
	objectVersion = 46;
	objects = {

/* Begin PBXBuildFile section */
		5A0347BA1E86D4BE0080CAD9 /* Appearance .swift in Sources */ = {isa = PBXBuildFile; fileRef = 5A0347B91E86D4BE0080CAD9 /* Appearance .swift */; };
		5A1467681E82021100F7E3EA /* SenderTableViewCell.swift in Sources */ = {isa = PBXBuildFile; fileRef = 5A1467671E82021100F7E3EA /* SenderTableViewCell.swift */; };
		5A14676A1E8205AA00F7E3EA /* User.swift in Sources */ = {isa = PBXBuildFile; fileRef = 5A1467691E8205AA00F7E3EA /* User.swift */; };
		5A14676C1E82237900F7E3EA /* UserController.swift in Sources */ = {isa = PBXBuildFile; fileRef = 5A14676B1E82237900F7E3EA /* UserController.swift */; };
		5A14676E1E82DF8200F7E3EA /* PhotoSelectViewController.swift in Sources */ = {isa = PBXBuildFile; fileRef = 5A14676D1E82DF8200F7E3EA /* PhotoSelectViewController.swift */; };
		5A1467701E82E00200F7E3EA /* NewUserViewController.swift in Sources */ = {isa = PBXBuildFile; fileRef = 5A14676F1E82E00200F7E3EA /* NewUserViewController.swift */; };
		5A35A2571E76FDC500162A20 /* AppDelegate.swift in Sources */ = {isa = PBXBuildFile; fileRef = 5A35A2561E76FDC500162A20 /* AppDelegate.swift */; };
		5A35A25C1E76FDC500162A20 /* Main.storyboard in Resources */ = {isa = PBXBuildFile; fileRef = 5A35A25A1E76FDC500162A20 /* Main.storyboard */; };
		5A35A25E1E76FDC500162A20 /* Assets.xcassets in Resources */ = {isa = PBXBuildFile; fileRef = 5A35A25D1E76FDC500162A20 /* Assets.xcassets */; };
		5A35A2611E76FDC500162A20 /* LaunchScreen.storyboard in Resources */ = {isa = PBXBuildFile; fileRef = 5A35A25F1E76FDC500162A20 /* LaunchScreen.storyboard */; };
		5A35A2741E76FFCD00162A20 /* CloudKit.framework in Frameworks */ = {isa = PBXBuildFile; fileRef = 5A35A2731E76FFCD00162A20 /* CloudKit.framework */; };
		5A35A27A1E772BD300162A20 /* Message.swift in Sources */ = {isa = PBXBuildFile; fileRef = 5A35A2791E772BD300162A20 /* Message.swift */; };
		5A35A27C1E772BE400162A20 /* Chat.swift in Sources */ = {isa = PBXBuildFile; fileRef = 5A35A27B1E772BE400162A20 /* Chat.swift */; };
		5A35A27E1E772E1E00162A20 /* CloudKitManager.swift in Sources */ = {isa = PBXBuildFile; fileRef = 5A35A27D1E772E1E00162A20 /* CloudKitManager.swift */; };
		5A35A2801E772E5100162A20 /* CloudKitSyncable.swift in Sources */ = {isa = PBXBuildFile; fileRef = 5A35A27F1E772E5100162A20 /* CloudKitSyncable.swift */; };
		5A35A2831E773F1500162A20 /* HelperFiles.swift in Sources */ = {isa = PBXBuildFile; fileRef = 5A35A2821E773F1500162A20 /* HelperFiles.swift */; };
		5A35A2871E7752CE00162A20 /* MessageController.swift in Sources */ = {isa = PBXBuildFile; fileRef = 5A35A2861E7752CE00162A20 /* MessageController.swift */; };
		5A35A2891E7752DA00162A20 /* ChatController.swift in Sources */ = {isa = PBXBuildFile; fileRef = 5A35A2881E7752DA00162A20 /* ChatController.swift */; };
		5A35A28F1E77533A00162A20 /* RecieverTableViewCell.swift in Sources */ = {isa = PBXBuildFile; fileRef = 5A35A28E1E77533A00162A20 /* RecieverTableViewCell.swift */; };
		5A35A2911E77539500162A20 /* NewMessageViewController.swift in Sources */ = {isa = PBXBuildFile; fileRef = 5A35A2901E77539500162A20 /* NewMessageViewController.swift */; };
		5A35A2931E78329A00162A20 /* WelcomeViewController.swift in Sources */ = {isa = PBXBuildFile; fileRef = 5A35A2921E78329A00162A20 /* WelcomeViewController.swift */; };
		5A35A2951E78412A00162A20 /* LaunchViewController.swift in Sources */ = {isa = PBXBuildFile; fileRef = 5A35A2941E78412A00162A20 /* LaunchViewController.swift */; };
		5A35A2991E786E1600162A20 /* NavViewController.swift in Sources */ = {isa = PBXBuildFile; fileRef = 5A35A2981E786E1600162A20 /* NavViewController.swift */; };
		5A35A29B1E78989000162A20 /* Constants.swift in Sources */ = {isa = PBXBuildFile; fileRef = 5A35A29A1E78989000162A20 /* Constants.swift */; };
		5A8D590E1E928057007F107A /* HomeViewController.swift in Sources */ = {isa = PBXBuildFile; fileRef = 5A8D590D1E928057007F107A /* HomeViewController.swift */; };
		5A8D59101E928618007F107A /* PageViewController.swift in Sources */ = {isa = PBXBuildFile; fileRef = 5A8D590F1E928618007F107A /* PageViewController.swift */; };
		5A8D59121E9289AE007F107A /* ProfileViewController.swift in Sources */ = {isa = PBXBuildFile; fileRef = 5A8D59111E9289AE007F107A /* ProfileViewController.swift */; };
		5A8F7AAB1E7C504200C4E566 /* ChatTableViewCell.swift in Sources */ = {isa = PBXBuildFile; fileRef = 5A8F7AAA1E7C504200C4E566 /* ChatTableViewCell.swift */; };
		5AAC94871E9304B9009155FE /* ChatViewController.swift in Sources */ = {isa = PBXBuildFile; fileRef = 5AAC94861E9304B9009155FE /* ChatViewController.swift */; };
		5AAC94AF1E95274D009155FE /* HeaderTableViewCell.swift in Sources */ = {isa = PBXBuildFile; fileRef = 5AAC94AE1E95274D009155FE /* HeaderTableViewCell.swift */; };
		5AAC94B11E95275C009155FE /* FirstChatTableViewCell.swift in Sources */ = {isa = PBXBuildFile; fileRef = 5AAC94B01E95275C009155FE /* FirstChatTableViewCell.swift */; };
		5AAC94B31E9547BD009155FE /* FilterChatTableViewCell.swift in Sources */ = {isa = PBXBuildFile; fileRef = 5AAC94B21E9547BD009155FE /* FilterChatTableViewCell.swift */; };
		5AAC94B51E955DCF009155FE /* Notifications.swift in Sources */ = {isa = PBXBuildFile; fileRef = 5AAC94B41E955DCF009155FE /* Notifications.swift */; };
/* End PBXBuildFile section */

/* Begin PBXFileReference section */
		5A0347B91E86D4BE0080CAD9 /* Appearance .swift */ = {isa = PBXFileReference; fileEncoding = 4; lastKnownFileType = sourcecode.swift; path = "Appearance .swift"; sourceTree = "<group>"; };
		5A1467671E82021100F7E3EA /* SenderTableViewCell.swift */ = {isa = PBXFileReference; fileEncoding = 4; lastKnownFileType = sourcecode.swift; path = SenderTableViewCell.swift; sourceTree = "<group>"; };
		5A1467691E8205AA00F7E3EA /* User.swift */ = {isa = PBXFileReference; fileEncoding = 4; lastKnownFileType = sourcecode.swift; path = User.swift; sourceTree = "<group>"; };
		5A14676B1E82237900F7E3EA /* UserController.swift */ = {isa = PBXFileReference; fileEncoding = 4; lastKnownFileType = sourcecode.swift; path = UserController.swift; sourceTree = "<group>"; };
		5A14676D1E82DF8200F7E3EA /* PhotoSelectViewController.swift */ = {isa = PBXFileReference; fileEncoding = 4; lastKnownFileType = sourcecode.swift; path = PhotoSelectViewController.swift; sourceTree = "<group>"; };
		5A14676F1E82E00200F7E3EA /* NewUserViewController.swift */ = {isa = PBXFileReference; fileEncoding = 4; lastKnownFileType = sourcecode.swift; path = NewUserViewController.swift; sourceTree = "<group>"; };
		5A35A2531E76FDC500162A20 /* Talkup.app */ = {isa = PBXFileReference; explicitFileType = wrapper.application; includeInIndex = 0; path = Talkup.app; sourceTree = BUILT_PRODUCTS_DIR; };
		5A35A2561E76FDC500162A20 /* AppDelegate.swift */ = {isa = PBXFileReference; lastKnownFileType = sourcecode.swift; path = AppDelegate.swift; sourceTree = "<group>"; };
		5A35A25B1E76FDC500162A20 /* Base */ = {isa = PBXFileReference; lastKnownFileType = file.storyboard; name = Base; path = Base.lproj/Main.storyboard; sourceTree = "<group>"; };
		5A35A25D1E76FDC500162A20 /* Assets.xcassets */ = {isa = PBXFileReference; lastKnownFileType = folder.assetcatalog; path = Assets.xcassets; sourceTree = "<group>"; };
		5A35A2601E76FDC500162A20 /* Base */ = {isa = PBXFileReference; lastKnownFileType = file.storyboard; name = Base; path = Base.lproj/LaunchScreen.storyboard; sourceTree = "<group>"; };
		5A35A2621E76FDC500162A20 /* Info.plist */ = {isa = PBXFileReference; lastKnownFileType = text.plist.xml; path = Info.plist; sourceTree = "<group>"; };
		5A35A2711E76FFC500162A20 /* Talkup.entitlements */ = {isa = PBXFileReference; lastKnownFileType = text.plist.entitlements; path = Talkup.entitlements; sourceTree = "<group>"; };
		5A35A2731E76FFCD00162A20 /* CloudKit.framework */ = {isa = PBXFileReference; lastKnownFileType = wrapper.framework; name = CloudKit.framework; path = System/Library/Frameworks/CloudKit.framework; sourceTree = SDKROOT; };
		5A35A2791E772BD300162A20 /* Message.swift */ = {isa = PBXFileReference; fileEncoding = 4; lastKnownFileType = sourcecode.swift; path = Message.swift; sourceTree = "<group>"; };
		5A35A27B1E772BE400162A20 /* Chat.swift */ = {isa = PBXFileReference; fileEncoding = 4; lastKnownFileType = sourcecode.swift; path = Chat.swift; sourceTree = "<group>"; };
		5A35A27D1E772E1E00162A20 /* CloudKitManager.swift */ = {isa = PBXFileReference; fileEncoding = 4; lastKnownFileType = sourcecode.swift; path = CloudKitManager.swift; sourceTree = "<group>"; };
		5A35A27F1E772E5100162A20 /* CloudKitSyncable.swift */ = {isa = PBXFileReference; fileEncoding = 4; lastKnownFileType = sourcecode.swift; path = CloudKitSyncable.swift; sourceTree = "<group>"; };
		5A35A2821E773F1500162A20 /* HelperFiles.swift */ = {isa = PBXFileReference; fileEncoding = 4; lastKnownFileType = sourcecode.swift; path = HelperFiles.swift; sourceTree = "<group>"; };
		5A35A2861E7752CE00162A20 /* MessageController.swift */ = {isa = PBXFileReference; fileEncoding = 4; lastKnownFileType = sourcecode.swift; path = MessageController.swift; sourceTree = "<group>"; };
		5A35A2881E7752DA00162A20 /* ChatController.swift */ = {isa = PBXFileReference; fileEncoding = 4; lastKnownFileType = sourcecode.swift; path = ChatController.swift; sourceTree = "<group>"; };
		5A35A28E1E77533A00162A20 /* RecieverTableViewCell.swift */ = {isa = PBXFileReference; fileEncoding = 4; lastKnownFileType = sourcecode.swift; path = RecieverTableViewCell.swift; sourceTree = "<group>"; };
		5A35A2901E77539500162A20 /* NewMessageViewController.swift */ = {isa = PBXFileReference; fileEncoding = 4; lastKnownFileType = sourcecode.swift; path = NewMessageViewController.swift; sourceTree = "<group>"; };
		5A35A2921E78329A00162A20 /* WelcomeViewController.swift */ = {isa = PBXFileReference; fileEncoding = 4; lastKnownFileType = sourcecode.swift; path = WelcomeViewController.swift; sourceTree = "<group>"; };
		5A35A2941E78412A00162A20 /* LaunchViewController.swift */ = {isa = PBXFileReference; fileEncoding = 4; lastKnownFileType = sourcecode.swift; path = LaunchViewController.swift; sourceTree = "<group>"; };
		5A35A2981E786E1600162A20 /* NavViewController.swift */ = {isa = PBXFileReference; fileEncoding = 4; lastKnownFileType = sourcecode.swift; path = NavViewController.swift; sourceTree = "<group>"; };
		5A35A29A1E78989000162A20 /* Constants.swift */ = {isa = PBXFileReference; fileEncoding = 4; lastKnownFileType = sourcecode.swift; path = Constants.swift; sourceTree = "<group>"; };
		5A8D590D1E928057007F107A /* HomeViewController.swift */ = {isa = PBXFileReference; fileEncoding = 4; lastKnownFileType = sourcecode.swift; path = HomeViewController.swift; sourceTree = "<group>"; };
		5A8D590F1E928618007F107A /* PageViewController.swift */ = {isa = PBXFileReference; fileEncoding = 4; lastKnownFileType = sourcecode.swift; path = PageViewController.swift; sourceTree = "<group>"; };
		5A8D59111E9289AE007F107A /* ProfileViewController.swift */ = {isa = PBXFileReference; fileEncoding = 4; lastKnownFileType = sourcecode.swift; path = ProfileViewController.swift; sourceTree = "<group>"; };
		5A8F7AAA1E7C504200C4E566 /* ChatTableViewCell.swift */ = {isa = PBXFileReference; fileEncoding = 4; lastKnownFileType = sourcecode.swift; path = ChatTableViewCell.swift; sourceTree = "<group>"; };
		5AAC94861E9304B9009155FE /* ChatViewController.swift */ = {isa = PBXFileReference; fileEncoding = 4; lastKnownFileType = sourcecode.swift; path = ChatViewController.swift; sourceTree = "<group>"; };
		5AAC94AE1E95274D009155FE /* HeaderTableViewCell.swift */ = {isa = PBXFileReference; fileEncoding = 4; lastKnownFileType = sourcecode.swift; path = HeaderTableViewCell.swift; sourceTree = "<group>"; };
		5AAC94B01E95275C009155FE /* FirstChatTableViewCell.swift */ = {isa = PBXFileReference; fileEncoding = 4; lastKnownFileType = sourcecode.swift; path = FirstChatTableViewCell.swift; sourceTree = "<group>"; };
		5AAC94B21E9547BD009155FE /* FilterChatTableViewCell.swift */ = {isa = PBXFileReference; fileEncoding = 4; lastKnownFileType = sourcecode.swift; path = FilterChatTableViewCell.swift; sourceTree = "<group>"; };
		5AAC94B41E955DCF009155FE /* Notifications.swift */ = {isa = PBXFileReference; fileEncoding = 4; lastKnownFileType = sourcecode.swift; path = Notifications.swift; sourceTree = "<group>"; };
/* End PBXFileReference section */

/* Begin PBXFrameworksBuildPhase section */
		5A35A2501E76FDC500162A20 /* Frameworks */ = {
			isa = PBXFrameworksBuildPhase;
			buildActionMask = 2147483647;
			files = (
				5A35A2741E76FFCD00162A20 /* CloudKit.framework in Frameworks */,
			);
			runOnlyForDeploymentPostprocessing = 0;
		};
/* End PBXFrameworksBuildPhase section */

/* Begin PBXGroup section */
		5A35A24A1E76FDC500162A20 = {
			isa = PBXGroup;
			children = (
				5A35A2551E76FDC500162A20 /* Talkup */,
				5A35A2541E76FDC500162A20 /* Products */,
				5A35A2721E76FFCD00162A20 /* Frameworks */,
			);
			sourceTree = "<group>";
		};
		5A35A2541E76FDC500162A20 /* Products */ = {
			isa = PBXGroup;
			children = (
				5A35A2531E76FDC500162A20 /* Talkup.app */,
			);
			name = Products;
			sourceTree = "<group>";
		};
		5A35A2551E76FDC500162A20 /* Talkup */ = {
			isa = PBXGroup;
			children = (
				5A35A2711E76FFC500162A20 /* Talkup.entitlements */,
				5A35A2691E76FE0B00162A20 /* Sources */,
				5A35A26B1E76FF5500162A20 /* Model */,
				5A35A26C1E76FF5C00162A20 /* Model Controllers */,
				5A35A26D1E76FF6200162A20 /* Views */,
				5A35A26E1E76FF6800162A20 /* View Controllers */,
				5A35A26F1E76FF6E00162A20 /* Network */,
				5A35A2701E76FF7A00162A20 /* Protocols */,
				5A35A2811E773EF900162A20 /* Helper Files */,
				5A35A2681E76FDE300162A20 /* Storyboards */,
				5A35A26A1E76FE1100162A20 /* Resources */,
			);
			path = Talkup;
			sourceTree = "<group>";
		};
		5A35A2681E76FDE300162A20 /* Storyboards */ = {
			isa = PBXGroup;
			children = (
				5A35A25A1E76FDC500162A20 /* Main.storyboard */,
				5A35A25F1E76FDC500162A20 /* LaunchScreen.storyboard */,
			);
			name = Storyboards;
			sourceTree = "<group>";
		};
		5A35A2691E76FE0B00162A20 /* Sources */ = {
			isa = PBXGroup;
			children = (
				5A35A2561E76FDC500162A20 /* AppDelegate.swift */,
			);
			name = Sources;
			sourceTree = "<group>";
		};
		5A35A26A1E76FE1100162A20 /* Resources */ = {
			isa = PBXGroup;
			children = (
				5A35A25D1E76FDC500162A20 /* Assets.xcassets */,
				5A35A2621E76FDC500162A20 /* Info.plist */,
			);
			name = Resources;
			sourceTree = "<group>";
		};
		5A35A26B1E76FF5500162A20 /* Model */ = {
			isa = PBXGroup;
			children = (
				5A1467691E8205AA00F7E3EA /* User.swift */,
				5A35A27B1E772BE400162A20 /* Chat.swift */,
				5A35A2791E772BD300162A20 /* Message.swift */,
			);
			name = Model;
			sourceTree = "<group>";
		};
		5A35A26C1E76FF5C00162A20 /* Model Controllers */ = {
			isa = PBXGroup;
			children = (
				5A35A2881E7752DA00162A20 /* ChatController.swift */,
				5A35A2861E7752CE00162A20 /* MessageController.swift */,
				5A14676B1E82237900F7E3EA /* UserController.swift */,
			);
			name = "Model Controllers";
			sourceTree = "<group>";
		};
		5A35A26D1E76FF6200162A20 /* Views */ = {
			isa = PBXGroup;
			children = (
				5AAC94AE1E95274D009155FE /* HeaderTableViewCell.swift */,
				5AAC94B01E95275C009155FE /* FirstChatTableViewCell.swift */,
				5A8F7AAA1E7C504200C4E566 /* ChatTableViewCell.swift */,
				5A35A28E1E77533A00162A20 /* RecieverTableViewCell.swift */,
				5A1467671E82021100F7E3EA /* SenderTableViewCell.swift */,
				5AAC94B21E9547BD009155FE /* FilterChatTableViewCell.swift */,
			);
			name = Views;
			sourceTree = "<group>";
		};
		5A35A26E1E76FF6800162A20 /* View Controllers */ = {
			isa = PBXGroup;
			children = (
				5A35A2941E78412A00162A20 /* LaunchViewController.swift */,
				5A35A2921E78329A00162A20 /* WelcomeViewController.swift */,
				5A14676F1E82E00200F7E3EA /* NewUserViewController.swift */,
				5A35A2981E786E1600162A20 /* NavViewController.swift */,
				5A8D590F1E928618007F107A /* PageViewController.swift */,
				5A8D590D1E928057007F107A /* HomeViewController.swift */,
				5AAC94861E9304B9009155FE /* ChatViewController.swift */,
				5A8D59111E9289AE007F107A /* ProfileViewController.swift */,
				5A35A2901E77539500162A20 /* NewMessageViewController.swift */,
				5A14676D1E82DF8200F7E3EA /* PhotoSelectViewController.swift */,
			);
			name = "View Controllers";
			sourceTree = "<group>";
		};
		5A35A26F1E76FF6E00162A20 /* Network */ = {
			isa = PBXGroup;
			children = (
				5A35A27D1E772E1E00162A20 /* CloudKitManager.swift */,
			);
			name = Network;
			sourceTree = "<group>";
		};
		5A35A2701E76FF7A00162A20 /* Protocols */ = {
			isa = PBXGroup;
			children = (
				5A35A27F1E772E5100162A20 /* CloudKitSyncable.swift */,
			);
			name = Protocols;
			sourceTree = "<group>";
		};
		5A35A2721E76FFCD00162A20 /* Frameworks */ = {
			isa = PBXGroup;
			children = (
				5A35A2731E76FFCD00162A20 /* CloudKit.framework */,
			);
			name = Frameworks;
			sourceTree = "<group>";
		};
		5A35A2811E773EF900162A20 /* Helper Files */ = {
			isa = PBXGroup;
			children = (
				5A0347B91E86D4BE0080CAD9 /* Appearance .swift */,
				5A35A2821E773F1500162A20 /* HelperFiles.swift */,
				5A35A29A1E78989000162A20 /* Constants.swift */,
				5AAC94B41E955DCF009155FE /* Notifications.swift */,
			);
			name = "Helper Files";
			sourceTree = "<group>";
		};
/* End PBXGroup section */

/* Begin PBXNativeTarget section */
		5A35A2521E76FDC500162A20 /* Talkup */ = {
			isa = PBXNativeTarget;
			buildConfigurationList = 5A35A2651E76FDC500162A20 /* Build configuration list for PBXNativeTarget "Talkup" */;
			buildPhases = (
				5A35A24F1E76FDC500162A20 /* Sources */,
				5A35A2501E76FDC500162A20 /* Frameworks */,
				5A35A2511E76FDC500162A20 /* Resources */,
			);
			buildRules = (
			);
			dependencies = (
			);
			name = Talkup;
			productName = Talkup;
			productReference = 5A35A2531E76FDC500162A20 /* Talkup.app */;
			productType = "com.apple.product-type.application";
		};
/* End PBXNativeTarget section */

/* Begin PBXProject section */
		5A35A24B1E76FDC500162A20 /* Project object */ = {
			isa = PBXProject;
			attributes = {
				LastSwiftUpdateCheck = 0820;
				LastUpgradeCheck = 0820;
				ORGANIZATIONNAME = Androoo;
				TargetAttributes = {
					5A35A2521E76FDC500162A20 = {
						CreatedOnToolsVersion = 8.2.1;
						DevelopmentTeam = BP324SX4AT;
						ProvisioningStyle = Automatic;
						SystemCapabilities = {
							com.apple.Push = {
								enabled = 1;
							};
							com.apple.iCloud = {
								enabled = 1;
							};
						};
					};
				};
			};
			buildConfigurationList = 5A35A24E1E76FDC500162A20 /* Build configuration list for PBXProject "Talkup" */;
			compatibilityVersion = "Xcode 3.2";
			developmentRegion = English;
			hasScannedForEncodings = 0;
			knownRegions = (
				en,
				Base,
			);
			mainGroup = 5A35A24A1E76FDC500162A20;
			productRefGroup = 5A35A2541E76FDC500162A20 /* Products */;
			projectDirPath = "";
			projectRoot = "";
			targets = (
				5A35A2521E76FDC500162A20 /* Talkup */,
			);
		};
/* End PBXProject section */

/* Begin PBXResourcesBuildPhase section */
		5A35A2511E76FDC500162A20 /* Resources */ = {
			isa = PBXResourcesBuildPhase;
			buildActionMask = 2147483647;
			files = (
				5A35A2611E76FDC500162A20 /* LaunchScreen.storyboard in Resources */,
				5A35A25E1E76FDC500162A20 /* Assets.xcassets in Resources */,
				5A35A25C1E76FDC500162A20 /* Main.storyboard in Resources */,
			);
			runOnlyForDeploymentPostprocessing = 0;
		};
/* End PBXResourcesBuildPhase section */

/* Begin PBXSourcesBuildPhase section */
		5A35A24F1E76FDC500162A20 /* Sources */ = {
			isa = PBXSourcesBuildPhase;
			buildActionMask = 2147483647;
			files = (
				5A35A27A1E772BD300162A20 /* Message.swift in Sources */,
				5A14676C1E82237900F7E3EA /* UserController.swift in Sources */,
				5AAC94B51E955DCF009155FE /* Notifications.swift in Sources */,
				5A35A2871E7752CE00162A20 /* MessageController.swift in Sources */,
				5A35A2951E78412A00162A20 /* LaunchViewController.swift in Sources */,
				5A35A2801E772E5100162A20 /* CloudKitSyncable.swift in Sources */,
				5A35A2891E7752DA00162A20 /* ChatController.swift in Sources */,
				5A1467701E82E00200F7E3EA /* NewUserViewController.swift in Sources */,
				5A14676E1E82DF8200F7E3EA /* PhotoSelectViewController.swift in Sources */,
				5A8D59121E9289AE007F107A /* ProfileViewController.swift in Sources */,
				5A35A2931E78329A00162A20 /* WelcomeViewController.swift in Sources */,
				5A8D59101E928618007F107A /* PageViewController.swift in Sources */,
				5A8D590E1E928057007F107A /* HomeViewController.swift in Sources */,
				5A35A2991E786E1600162A20 /* NavViewController.swift in Sources */,
				5A35A28F1E77533A00162A20 /* RecieverTableViewCell.swift in Sources */,
				5A35A2831E773F1500162A20 /* HelperFiles.swift in Sources */,
				5A35A27C1E772BE400162A20 /* Chat.swift in Sources */,
				5A0347BA1E86D4BE0080CAD9 /* Appearance .swift in Sources */,
				5AAC94B11E95275C009155FE /* FirstChatTableViewCell.swift in Sources */,
				5A1467681E82021100F7E3EA /* SenderTableViewCell.swift in Sources */,
				5A8F7AAB1E7C504200C4E566 /* ChatTableViewCell.swift in Sources */,
				5A35A2571E76FDC500162A20 /* AppDelegate.swift in Sources */,
				5AAC94B31E9547BD009155FE /* FilterChatTableViewCell.swift in Sources */,
				5AAC94AF1E95274D009155FE /* HeaderTableViewCell.swift in Sources */,
				5A35A27E1E772E1E00162A20 /* CloudKitManager.swift in Sources */,
				5AAC94871E9304B9009155FE /* ChatViewController.swift in Sources */,
				5A35A2911E77539500162A20 /* NewMessageViewController.swift in Sources */,
				5A35A29B1E78989000162A20 /* Constants.swift in Sources */,
				5A14676A1E8205AA00F7E3EA /* User.swift in Sources */,
			);
			runOnlyForDeploymentPostprocessing = 0;
		};
/* End PBXSourcesBuildPhase section */

/* Begin PBXVariantGroup section */
		5A35A25A1E76FDC500162A20 /* Main.storyboard */ = {
			isa = PBXVariantGroup;
			children = (
				5A35A25B1E76FDC500162A20 /* Base */,
			);
			name = Main.storyboard;
			sourceTree = "<group>";
		};
		5A35A25F1E76FDC500162A20 /* LaunchScreen.storyboard */ = {
			isa = PBXVariantGroup;
			children = (
				5A35A2601E76FDC500162A20 /* Base */,
			);
			name = LaunchScreen.storyboard;
			sourceTree = "<group>";
		};
/* End PBXVariantGroup section */

/* Begin XCBuildConfiguration section */
		5A35A2631E76FDC500162A20 /* Debug */ = {
			isa = XCBuildConfiguration;
			buildSettings = {
				ALWAYS_SEARCH_USER_PATHS = NO;
				CLANG_ANALYZER_NONNULL = YES;
				CLANG_CXX_LANGUAGE_STANDARD = "gnu++0x";
				CLANG_CXX_LIBRARY = "libc++";
				CLANG_ENABLE_MODULES = YES;
				CLANG_ENABLE_OBJC_ARC = YES;
				CLANG_WARN_BOOL_CONVERSION = YES;
				CLANG_WARN_CONSTANT_CONVERSION = YES;
				CLANG_WARN_DIRECT_OBJC_ISA_USAGE = YES_ERROR;
				CLANG_WARN_DOCUMENTATION_COMMENTS = YES;
				CLANG_WARN_EMPTY_BODY = YES;
				CLANG_WARN_ENUM_CONVERSION = YES;
				CLANG_WARN_INFINITE_RECURSION = YES;
				CLANG_WARN_INT_CONVERSION = YES;
				CLANG_WARN_OBJC_ROOT_CLASS = YES_ERROR;
				CLANG_WARN_SUSPICIOUS_MOVE = YES;
				CLANG_WARN_UNREACHABLE_CODE = YES;
				CLANG_WARN__DUPLICATE_METHOD_MATCH = YES;
				"CODE_SIGN_IDENTITY[sdk=iphoneos*]" = "iPhone Developer";
				COPY_PHASE_STRIP = NO;
				DEBUG_INFORMATION_FORMAT = dwarf;
				ENABLE_STRICT_OBJC_MSGSEND = YES;
				ENABLE_TESTABILITY = YES;
				GCC_C_LANGUAGE_STANDARD = gnu99;
				GCC_DYNAMIC_NO_PIC = NO;
				GCC_NO_COMMON_BLOCKS = YES;
				GCC_OPTIMIZATION_LEVEL = 0;
				GCC_PREPROCESSOR_DEFINITIONS = (
					"DEBUG=1",
					"$(inherited)",
				);
				GCC_WARN_64_TO_32_BIT_CONVERSION = YES;
				GCC_WARN_ABOUT_RETURN_TYPE = YES_ERROR;
				GCC_WARN_UNDECLARED_SELECTOR = YES;
				GCC_WARN_UNINITIALIZED_AUTOS = YES_AGGRESSIVE;
				GCC_WARN_UNUSED_FUNCTION = YES;
				GCC_WARN_UNUSED_VARIABLE = YES;
				IPHONEOS_DEPLOYMENT_TARGET = 10.2;
				MTL_ENABLE_DEBUG_INFO = YES;
				ONLY_ACTIVE_ARCH = YES;
				SDKROOT = iphoneos;
				SWIFT_ACTIVE_COMPILATION_CONDITIONS = DEBUG;
				SWIFT_OPTIMIZATION_LEVEL = "-Onone";
				TARGETED_DEVICE_FAMILY = "1,2";
			};
			name = Debug;
		};
		5A35A2641E76FDC500162A20 /* Release */ = {
			isa = XCBuildConfiguration;
			buildSettings = {
				ALWAYS_SEARCH_USER_PATHS = NO;
				CLANG_ANALYZER_NONNULL = YES;
				CLANG_CXX_LANGUAGE_STANDARD = "gnu++0x";
				CLANG_CXX_LIBRARY = "libc++";
				CLANG_ENABLE_MODULES = YES;
				CLANG_ENABLE_OBJC_ARC = YES;
				CLANG_WARN_BOOL_CONVERSION = YES;
				CLANG_WARN_CONSTANT_CONVERSION = YES;
				CLANG_WARN_DIRECT_OBJC_ISA_USAGE = YES_ERROR;
				CLANG_WARN_DOCUMENTATION_COMMENTS = YES;
				CLANG_WARN_EMPTY_BODY = YES;
				CLANG_WARN_ENUM_CONVERSION = YES;
				CLANG_WARN_INFINITE_RECURSION = YES;
				CLANG_WARN_INT_CONVERSION = YES;
				CLANG_WARN_OBJC_ROOT_CLASS = YES_ERROR;
				CLANG_WARN_SUSPICIOUS_MOVE = YES;
				CLANG_WARN_UNREACHABLE_CODE = YES;
				CLANG_WARN__DUPLICATE_METHOD_MATCH = YES;
				"CODE_SIGN_IDENTITY[sdk=iphoneos*]" = "iPhone Developer";
				COPY_PHASE_STRIP = NO;
				DEBUG_INFORMATION_FORMAT = "dwarf-with-dsym";
				ENABLE_NS_ASSERTIONS = NO;
				ENABLE_STRICT_OBJC_MSGSEND = YES;
				GCC_C_LANGUAGE_STANDARD = gnu99;
				GCC_NO_COMMON_BLOCKS = YES;
				GCC_WARN_64_TO_32_BIT_CONVERSION = YES;
				GCC_WARN_ABOUT_RETURN_TYPE = YES_ERROR;
				GCC_WARN_UNDECLARED_SELECTOR = YES;
				GCC_WARN_UNINITIALIZED_AUTOS = YES_AGGRESSIVE;
				GCC_WARN_UNUSED_FUNCTION = YES;
				GCC_WARN_UNUSED_VARIABLE = YES;
				IPHONEOS_DEPLOYMENT_TARGET = 10.2;
				MTL_ENABLE_DEBUG_INFO = NO;
				SDKROOT = iphoneos;
				SWIFT_OPTIMIZATION_LEVEL = "-Owholemodule";
				TARGETED_DEVICE_FAMILY = "1,2";
				VALIDATE_PRODUCT = YES;
			};
			name = Release;
		};
		5A35A2661E76FDC500162A20 /* Debug */ = {
			isa = XCBuildConfiguration;
			buildSettings = {
				ASSETCATALOG_COMPILER_APPICON_NAME = AppIcon;
				CODE_SIGN_ENTITLEMENTS = Talkup/Talkup.entitlements;
				DEVELOPMENT_TEAM = BP324SX4AT;
				INFOPLIST_FILE = Talkup/Info.plist;
				LD_RUNPATH_SEARCH_PATHS = "$(inherited) @executable_path/Frameworks";
				PRODUCT_BUNDLE_IDENTIFIER = studio.and.Talkup;
				PRODUCT_NAME = "$(TARGET_NAME)";
				SWIFT_VERSION = 3.0;
			};
			name = Debug;
		};
		5A35A2671E76FDC500162A20 /* Release */ = {
			isa = XCBuildConfiguration;
			buildSettings = {
				ASSETCATALOG_COMPILER_APPICON_NAME = AppIcon;
				CODE_SIGN_ENTITLEMENTS = Talkup/Talkup.entitlements;
				DEVELOPMENT_TEAM = BP324SX4AT;
				INFOPLIST_FILE = Talkup/Info.plist;
				LD_RUNPATH_SEARCH_PATHS = "$(inherited) @executable_path/Frameworks";
				PRODUCT_BUNDLE_IDENTIFIER = studio.and.Talkup;
				PRODUCT_NAME = "$(TARGET_NAME)";
				SWIFT_VERSION = 3.0;
			};
			name = Release;
		};
/* End XCBuildConfiguration section */

/* Begin XCConfigurationList section */
		5A35A24E1E76FDC500162A20 /* Build configuration list for PBXProject "Talkup" */ = {
			isa = XCConfigurationList;
			buildConfigurations = (
				5A35A2631E76FDC500162A20 /* Debug */,
				5A35A2641E76FDC500162A20 /* Release */,
			);
			defaultConfigurationIsVisible = 0;
			defaultConfigurationName = Release;
		};
		5A35A2651E76FDC500162A20 /* Build configuration list for PBXNativeTarget "Talkup" */ = {
			isa = XCConfigurationList;
			buildConfigurations = (
				5A35A2661E76FDC500162A20 /* Debug */,
				5A35A2671E76FDC500162A20 /* Release */,
			);
			defaultConfigurationIsVisible = 0;
			defaultConfigurationName = Release;
		};
/* End XCConfigurationList section */
	};
	rootObject = 5A35A24B1E76FDC500162A20 /* Project object */;
}
